
Microsoft Visual Studio Solution File, Format Version 12.00
# Visual Studio Version 17
VisualStudioVersion = 17.3.32811.315
MinimumVisualStudioVersion = 10.0.40219.1
Project("{FAE04EC0-301F-11D3-BF4B-00C04F79EFBC}") = "FluentNHibernateDemo", "FluentNHibernateDemo\FluentNHibernateDemo.csproj", "{21379F37-4DC8-437D-BE8B-A28773D0A25B}"
EndProject
Project("{2150E333-8FDC-42A3-9474-1A3956D46DE8}") = "Solution Items", "Solution Items", "{E3378F89-1483-47CF-BA41-1608B555FB4F}"
	ProjectSection(SolutionItems) = preProject
		.editorconfig = .editorconfig
	EndProjectSection
EndProject
Global
	GlobalSection(SolutionConfigurationPlatforms) = preSolution
		Debug|Any CPU = Debug|Any CPU
		Release|Any CPU = Release|Any CPU
	EndGlobalSection
	GlobalSection(ProjectConfigurationPlatforms) = postSolution
		{21379F37-4DC8-437D-BE8B-A28773D0A25B}.Debug|Any CPU.ActiveCfg = Debug|Any CPU
		{21379F37-4DC8-437D-BE8B-A28773D0A25B}.Debug|Any CPU.Build.0 = Debug|Any CPU
		{21379F37-4DC8-437D-BE8B-A28773D0A25B}.Release|Any CPU.ActiveCfg = Release|Any CPU
		{21379F37-4DC8-437D-BE8B-A28773D0A25B}.Release|Any CPU.Build.0 = Release|Any CPU
	EndGlobalSection
	GlobalSection(SolutionProperties) = preSolution
		HideSolutionNode = FALSE
	EndGlobalSection
	GlobalSection(ExtensibilityGlobals) = postSolution
		SolutionGuid = {D55BD307-F1FB-431B-840A-9D4B0D272A42}
	EndGlobalSection
EndGlobal
